
Microsoft Visual Studio Solution File, Format Version 12.00
# Visual Studio 2013
VisualStudioVersion = 12.0.31101.0
MinimumVisualStudioVersion = 10.0.40219.1
Project("{FAE04EC0-301F-11D3-BF4B-00C04F79EFBC}") = "DBmigration", "DBmigration.csproj", "{CAD18C1E-FCA7-4DDC-9AA1-A5D1D65E9DEB}"
EndProject
Global
	GlobalSection(SolutionConfigurationPlatforms) = preSolution
		Debug|Any CPU = Debug|Any CPU
		Release|Any CPU = Release|Any CPU
	EndGlobalSection
	GlobalSection(ProjectConfigurationPlatforms) = postSolution
		{CAD18C1E-FCA7-4DDC-9AA1-A5D1D65E9DEB}.Debug|Any CPU.ActiveCfg = Debug|Any CPU
		{CAD18C1E-FCA7-4DDC-9AA1-A5D1D65E9DEB}.Debug|Any CPU.Build.0 = Debug|Any CPU
		{CAD18C1E-FCA7-4DDC-9AA1-A5D1D65E9DEB}.Release|Any CPU.ActiveCfg = Release|Any CPU
		{CAD18C1E-FCA7-4DDC-9AA1-A5D1D65E9DEB}.Release|Any CPU.Build.0 = Release|Any CPU
	EndGlobalSection
	GlobalSection(SolutionProperties) = preSolution
		HideSolutionNode = FALSE
	EndGlobalSection
EndGlobal
